# This file is automatically @generated by Cargo.
# It is not intended for manual editing.
version = 4

[[package]]
name = "aho-corasick"
version = "1.1.4"
source = "registry+https://github.com/rust-lang/crates.io-index"
checksum = "ddd31a130427c27518df266943a5308ed92d4b226cc639f5a8f1002816174301"
dependencies = [
 "memchr",
]

[[package]]
name = "anstream"
version = "1.0.0"
source = "registry+https://github.com/rust-lang/crates.io-index"
checksum = "824a212faf96e9acacdbd09febd34438f8f711fb84e09a8916013cd7815ca28d"
dependencies = [
 "anstyle",
 "anstyle-parse",
 "anstyle-query",
 "anstyle-wincon",
 "colorchoice",
 "is_terminal_polyfill",
 "utf8parse",
]

[[package]]
name = "anstyle"
version = "1.0.14"
source = "registry+https://github.com/rust-lang/crates.io-index"
checksum = "940b3a0ca603d1eade50a4846a2afffd5ef57a9feac2c0e2ec2e14f9ead76000"

[[package]]
name = "anstyle-parse"
version = "1.0.0"
source = "registry+https://github.com/rust-lang/crates.io-index"
checksum = "52ce7f38b242319f7cabaa6813055467063ecdc9d355bbb4ce0c68908cd8130e"
dependencies = [
 "utf8parse",
]

[[package]]
name = "anstyle-query"
version = "1.1.5"
source = "registry+https://github.com/rust-lang/crates.io-index"
checksum = "40c48f72fd53cd289104fc64099abca73db4166ad86ea0b4341abe65af83dadc"
dependencies = [
 "windows-sys",
]

[[package]]
name = "anstyle-wincon"
version = "3.0.11"
source = "registry+https://github.com/rust-lang/crates.io-index"
checksum = "291e6a250ff86cd4a820112fb8898808a366d8f9f58ce16d1f538353ad55747d"
dependencies = [
 "anstyle",
 "once_cell_polyfill",
 "windows-sys",
]

[[package]]
name = "bstr"
version = "1.13.1"
source = "registry+https://github.com/rust-lang/crates.io-index"
checksum = "6bb31b46c14244e20ee9984b11bf5c992b91fb6939fea616e3512c8baecdbe5f"
dependencies = [
 "memchr",
 "serde_core",
]

[[package]]
name = "cc"
version = "1.2.57"
source = "registry+https://github.com/rust-lang/crates.io-index"
checksum = "7a0dd1ca384932ff3641c8718a02769f1698e7563dc6974ffd03346116310423"
dependencies = [
 "find-msvc-tools",
 "shlex",
]

[[package]]
name = "clap"
version = "4.6.6"
source = "registry+https://github.com/rust-lang/crates.io-index"
checksum = "473c7e07f409a8d772161724aa8db6a765a2532a70f9667eeb7b49d3d02fbdca"
dependencies = [
 "clap_builder",
 "clap_derive",
]

[[package]]
name = "clap_builder"
version = "4.6.6"
source = "registry+https://github.com/rust-lang/crates.io-index"
checksum = "7b48fea5a88e9ae728a2dcbedbfc0e730f7d60da42e1cb049a83c9fb8b789889"
dependencies = [
 "anstream",
 "anstyle",
 "clap_lex",
 "strsim",
]

[[package]]
name = "clap_derive"
version = "4.6.4"
source = "registry+https://github.com/rust-lang/crates.io-index"
checksum = "d012d2b9d65aca7f18f4d9878a045bc17899bba951561ba5ec3c2ba1eed9a061"
dependencies = [
 "heck",
 "proc-macro2",
 "quote",
 "syn 3.0.3",
]

[[package]]
name = "clap_lex"
version = "1.1.0"
source = "registry+https://github.com/rust-lang/crates.io-index"
checksum = "c8d4a3bb8b1e0c1050499d1815f5ab16d04f0959b233085fb31653fbfc9d98f9"

[[package]]
name = "colorchoice"
version = "1.0.5"
source = "registry+https://github.com/rust-lang/crates.io-index"
checksum = "1d07550c9036bf2ae0c684c4297d503f838287c83c53686d05370d0e139ae570"

[[package]]
name = "crossbeam-deque"
version = "0.8.7"
source = "registry+https://github.com/rust-lang/crates.io-index"
checksum = "5181e0de7b61eb03a81e347d6dd8797bae9da5146707b51077e2d71a54ec0ceb"
dependencies = [
 "crossbeam-epoch",
 "crossbeam-utils",
]

[[package]]
name = "crossbeam-epoch"
version = "0.9.20"
source = "registry+https://github.com/rust-lang/crates.io-index"
checksum = "2d6914041f254d6e9176c01941b21115dcfb7089e55135a35411081bd106ef3f"
dependencies = [
 "crossbeam-utils",
]

[[package]]
name = "crossbeam-utils"
version = "0.8.22"
source = "registry+https://github.com/rust-lang/crates.io-index"
checksum = "61803da095bee82a81bb1a452ecc25d3b2f1416d1897eb86430c6159ef717c17"

[[package]]
name = "diff"
version = "0.1.13"
source = "registry+https://github.com/rust-lang/crates.io-index"
checksum = "56254986775e3233ffa9c4d7d3faaf6d36a2c09d30b20687e9f88bc8bafc16c8"

[[package]]
name = "equivalent"
version = "1.0.2"
source = "registry+https://github.com/rust-lang/crates.io-index"
checksum = "877a4ace8713b0bcf2a4e7eec82529c029f1d0619886d18145fea96c3ffe5c0f"

[[package]]
name = "find-msvc-tools"
version = "0.1.9"
source = "registry+https://github.com/rust-lang/crates.io-index"
checksum = "5baebc0774151f905a1a2cc41989300b1e6fbb29aff0ceffa1064fdd3088d582"

[[package]]
name = "globset"
version = "0.4.19"
source = "registry+https://github.com/rust-lang/crates.io-index"
checksum = "e47d37d2ae4464254884b60ab7071be2b876a9c35b696bd018ddcc76847309cd"
dependencies = [
 "aho-corasick",
 "bstr",
 "log",
 "regex-automata",
 "regex-syntax",
]

[[package]]
name = "hashbrown"
version = "0.16.1"
source = "registry+https://github.com/rust-lang/crates.io-index"
checksum = "841d1cc9bed7f9236f321df977030373f4a4163ae1a7dbfe1a51a2c1a51d9100"

[[package]]
name = "heck"
version = "0.5.0"
source = "registry+https://github.com/rust-lang/crates.io-index"
checksum = "2304e00983f87ffb38b55b444b5e3b60a884b5d30c0fca7d82fe33449bbe55ea"

[[package]]
name = "ignore"
version = "0.4.32"
source = "registry+https://github.com/rust-lang/crates.io-index"
checksum = "0b17771570a2b94107741a7b033f19132c2eee21d59d21b24d2ced26500bd66e"
dependencies = [
 "crossbeam-deque",
 "globset",
 "log",
 "memchr",
 "regex-automata",
 "same-file",
 "walkdir",
 "winapi-util",
]

[[package]]
name = "indexmap"
version = "2.13.0"
source = "registry+https://github.com/rust-lang/crates.io-index"
checksum = "7714e70437a7dc3ac8eb7e6f8df75fd8eb422675fc7678aff7364301092b1017"
dependencies = [
 "equivalent",
 "hashbrown",
]

[[package]]
name = "is_terminal_polyfill"
version = "1.70.2"
source = "registry+https://github.com/rust-lang/crates.io-index"
checksum = "a6cb138bb79a146c1bd460005623e142ef0181e3d0219cb493e02f7d08a35695"

[[package]]
name = "itoa"
version = "1.0.18"
source = "registry+https://github.com/rust-lang/crates.io-index"
checksum = "8f42a60cbdf9a97f5d2305f08a87dc4e09308d1276d28c869c684d7777685682"

[[package]]
name = "log"
version = "0.4.33"
source = "registry+https://github.com/rust-lang/crates.io-index"
checksum = "0ceec5bc11778974d1bcb055b18002eba7f4b3518b6a0081b3af5f21666da9ad"

[[package]]
name = "memchr"
version = "2.8.0"
source = "registry+https://github.com/rust-lang/crates.io-index"
checksum = "f8ca58f447f06ed17d5fc4043ce1b10dd205e060fb3ce5b979b8ed8e59ff3f79"

[[package]]
name = "once_cell_polyfill"
version = "1.70.2"
source = "registry+https://github.com/rust-lang/crates.io-index"
checksum = "384b8ab6d37215f3c5301a95a4accb5d64aa607f1fcb26a11b5303878451b4fe"

[[package]]
name = "pretty_assertions"
version = "1.4.1"
source = "registry+https://github.com/rust-lang/crates.io-index"
checksum = "3ae130e2f271fbc2ac3a40fb1d07180839cdbbe443c7a27e1e3c13c5cac0116d"
dependencies = [
 "diff",
 "yansi",
]

[[package]]
name = "proc-macro2"
version = "1.0.106"
source = "registry+https://github.com/rust-lang/crates.io-index"
checksum = "8fd00f0bb2e90d81d1044c2b32617f68fcb9fa3bb7640c23e9c748e53fb30934"
dependencies = [
 "unicode-ident",
]

[[package]]
name = "quote"
version = "1.0.45"
source = "registry+https://github.com/rust-lang/crates.io-index"
checksum = "41f2619966050689382d2b44f664f4bc593e129785a36d6ee376ddf37259b924"
dependencies = [
 "proc-macro2",
]

[[package]]
name = "regex"
version = "1.12.3"
source = "registry+https://github.com/rust-lang/crates.io-index"
checksum = "e10754a14b9137dd7b1e3e5b0493cc9171fdd105e0ab477f51b72e7f3ac0e276"
dependencies = [
 "aho-corasick",
 "memchr",
 "regex-automata",
 "regex-syntax",
]

[[package]]
name = "regex-automata"
version = "0.4.14"
source = "registry+https://github.com/rust-lang/crates.io-index"
checksum = "6e1dd4122fc1595e8162618945476892eefca7b88c52820e74af6262213cae8f"
dependencies = [
 "aho-corasick",
 "memchr",
 "regex-syntax",
]

[[package]]
name = "regex-syntax"
version = "0.8.10"
source = "registry+https://github.com/rust-lang/crates.io-index"
checksum = "dc897dd8d9e8bd1ed8cdad82b5966c3e0ecae09fb1907d58efaa013543185d0a"

[[package]]
name = "same-file"
version = "1.0.6"
source = "registry+https://github.com/rust-lang/crates.io-index"
checksum = "93fc1dc3aaa9bfed95e02e6eadabb4baf7e3078b0bd1b4d7b6b0b68378900502"
dependencies = [
 "winapi-util",
]

[[package]]
name = "serde"
version = "1.0.228"
source = "registry+https://github.com/rust-lang/crates.io-index"
checksum = "9a8e94ea7f378bd32cbbd37198a4a91436180c5bb472411e48b5ec2e2124ae9e"
dependencies = [
 "serde_core",
]

[[package]]
name = "serde_core"
version = "1.0.228"
source = "registry+https://github.com/rust-lang/crates.io-index"
checksum = "41d385c7d4ca58e59fc732af25c3983b67ac852c1a25000afe1175de458b67ad"
dependencies = [
 "serde_derive",
]

[[package]]
name = "serde_derive"
version = "1.0.228"
source = "registry+https://github.com/rust-lang/crates.io-index"
checksum = "d540f220d3187173da220f885ab66608367b6574e925011a9353e4badda91d79"
dependencies = [
 "proc-macro2",
 "quote",
 "syn 2.0.117",
]

[[package]]
name = "serde_json"
version = "1.0.149"
source = "registry+https://github.com/rust-lang/crates.io-index"
checksum = "83fc039473c5595ace860d8c4fafa220ff474b3fc6bfdb4293327f1a37e94d86"
dependencies = [
 "indexmap",
 "itoa",
 "memchr",
 "serde",
 "serde_core",
 "zmij",
]

[[package]]
name = "shlex"
version = "1.3.0"
source = "registry+https://github.com/rust-lang/crates.io-index"
checksum = "0fda2ff0d084019ba4d7c6f371c95d8fd75ce3524c3cb8fb653a3023f6323e64"

[[package]]
name = "streaming-iterator"
version = "0.1.9"
source = "registry+https://github.com/rust-lang/crates.io-index"
checksum = "2b2231b7c3057d5e4ad0156fb3dc807d900806020c5ffa3ee6ff2c8c76fb8520"

[[package]]
name = "strsim"
version = "0.11.1"
source = "registry+https://github.com/rust-lang/crates.io-index"
checksum = "7da8b5736845d9f2fcb837ea5d9e2628564b3b043a70948a3f0b778838c5fb4f"

[[package]]
name = "syn"
version = "2.0.117"
source = "registry+https://github.com/rust-lang/crates.io-index"
checksum = "e665b8803e7b1d2a727f4023456bbbbe74da67099c585258af0ad9c5013b9b99"
dependencies = [
 "proc-macro2",
 "quote",
 "unicode-ident",
]

[[package]]
name = "syn"
version = "3.0.3"
source = "registry+https://github.com/rust-lang/crates.io-index"
checksum = "53e9bae58849f64dfa4f5d5ae372c8341f7305f82a3868709269343628b659a3"
dependencies = [
 "proc-macro2",
 "quote",
 "unicode-ident",
]

[[package]]
name = "tree-sitter"
version = "0.26.7"
source = "registry+https://github.com/rust-lang/crates.io-index"
checksum = "e7a6592b1aec0109df37b6bafea77eb4e61466e37b0a5a98bef4f89bfb81b7a2"
dependencies = [
 "cc",
 "regex",
 "regex-syntax",
 "serde_json",
 "streaming-iterator",
 "tree-sitter-language",
]

[[package]]
name = "tree-sitter-c"
version = "0.24.1"
source = "registry+https://github.com/rust-lang/crates.io-index"
checksum = "1a3aad8f0129083a59fe8596157552d2bb7148c492d44c21558d68ca1c722707"
dependencies = [
 "cc",
 "tree-sitter-language",
]

[[package]]
name = "tree-sitter-c-sharp"
version = "0.23.1"
source = "registry+https://github.com/rust-lang/crates.io-index"
checksum = "67f06accca7b45351758663b8215089e643d53bd9a660ce0349314263737fcb0"
dependencies = [
 "cc",
 "tree-sitter-language",
]

[[package]]
name = "tree-sitter-cpp"
version = "0.23.4"
source = "registry+https://github.com/rust-lang/crates.io-index"
checksum = "df2196ea9d47b4ab4a31b9297eaa5a5d19a0b121dceb9f118f6790ad0ab94743"
dependencies = [
 "cc",
 "tree-sitter-language",
]

[[package]]
name = "tree-sitter-go"
version = "0.25.0"
source = "registry+https://github.com/rust-lang/crates.io-index"
checksum = "c8560a4d2f835cc0d4d2c2e03cbd0dde2f6114b43bc491164238d333e28b16ea"
dependencies = [
 "cc",
 "tree-sitter-language",
]

[[package]]
name = "tree-sitter-haskell"
version = "0.23.1"
source = "registry+https://github.com/rust-lang/crates.io-index"
checksum = "977c51e504548cba13fc27cb5a2edab2124cf6716a1934915d07ab99523b05a4"
dependencies = [
 "cc",
 "tree-sitter-language",
]

[[package]]
name = "tree-sitter-java"
version = "0.23.5"
source = "registry+https://github.com/rust-lang/crates.io-index"
checksum = "0aa6cbcdc8c679b214e616fd3300da67da0e492e066df01bcf5a5921a71e90d6"
dependencies = [
 "cc",
 "tree-sitter-language",
]

[[package]]
name = "tree-sitter-javascript"
version = "0.25.0"
source = "registry+https://github.com/rust-lang/crates.io-index"
checksum = "68204f2abc0627a90bdf06e605f5c470aa26fdcb2081ea553a04bdad756693f5"
dependencies = [
 "cc",
 "tree-sitter-language",
]

[[package]]
name = "tree-sitter-kotlin-ng"
version = "1.1.0"
source = "registry+https://github.com/rust-lang/crates.io-index"
checksum = "e800ebbda938acfbf224f4d2c34947a31994b1295ee6e819b65226c7b51b4450"
dependencies = [
 "cc",
 "tree-sitter-language",
]

[[package]]
name = "tree-sitter-language"
version = "0.1.7"
source = "registry+https://github.com/rust-lang/crates.io-index"
checksum = "009994f150cc0cd50ff54917d5bc8bffe8cad10ca10d81c34da2ec421ae61782"

[[package]]
name = "tree-sitter-md"
version = "0.5.3"
source = "registry+https://github.com/rust-lang/crates.io-index"
checksum = "2efd398be546456c814598ee56c0f51769a77241511b4a58077815d120afa882"
dependencies = [
 "cc",
 "tree-sitter-language",
]

[[package]]
name = "tree-sitter-python"
version = "0.25.0"
source = "registry+https://github.com/rust-lang/crates.io-index"
checksum = "6bf85fd39652e740bf60f46f4cda9492c3a9ad75880575bf14960f775cb74a1c"
dependencies = [
 "cc",
 "tree-sitter-language",
]

[[package]]
name = "tree-sitter-ruby"
version = "0.23.1"
source = "registry+https://github.com/rust-lang/crates.io-index"
checksum = "be0484ea4ef6bb9c575b4fdabde7e31340a8d2dbc7d52b321ac83da703249f95"
dependencies = [
 "cc",
 "tree-sitter-language",
]

[[package]]
name = "tree-sitter-rust"
version = "0.24.1"
source = "registry+https://github.com/rust-lang/crates.io-index"
checksum = "f715f73a0687261ddb686f0d64a1e5af57bd199c4d12be5fdda6676ce1885bf9"
dependencies = [
 "cc",
 "tree-sitter-language",
]

[[package]]
name = "tree-sitter-swift"
version = "0.7.1"
source = "registry+https://github.com/rust-lang/crates.io-index"
checksum = "4ef216011c3e3df4fa864736f347cb8d509b1066cf0c8549fb1fd81ac9832e59"
dependencies = [
 "cc",
 "tree-sitter-language",
]

[[package]]
name = "tree-sitter-typescript"
version = "0.23.2"
source = "registry+https://github.com/rust-lang/crates.io-index"
checksum = "6c5f76ed8d947a75cc446d5fccd8b602ebf0cde64ccf2ffa434d873d7a575eff"
dependencies = [
 "cc",
 "tree-sitter-language",
]

[[package]]
name = "unicode-ident"
version = "1.0.24"
source = "registry+https://github.com/rust-lang/crates.io-index"
checksum = "e6e4313cd5fcd3dad5cafa179702e2b244f760991f45397d14d4ebf38247da75"

[[package]]
name = "utf8parse"
version = "0.2.2"
source = "registry+https://github.com/rust-lang/crates.io-index"
checksum = "06abde3611657adf66d383f00b093d7faecc7fa57071cce2578660c9f1010821"

[[package]]
name = "walkdir"
version = "2.5.0"
source = "registry+https://github.com/rust-lang/crates.io-index"
checksum = "29790946404f91d9c5d06f9874efddea1dc06c5efe94541a7d6863108e3a5e4b"
dependencies = [
 "same-file",
 "winapi-util",
]

[[package]]
name = "winapi-util"
version = "0.1.11"
source = "registry+https://github.com/rust-lang/crates.io-index"
checksum = "c2a7b1c03c876122aa43f3020e6c3c3ee5c05081c9a00739faf7503aeba10d22"
dependencies = [
 "windows-sys",
]

[[package]]
name = "windows-link"
version = "0.2.1"
source = "registry+https://github.com/rust-lang/crates.io-index"
checksum = "f0805222e57f7521d6a62e36fa9163bc891acd422f971defe97d64e70d0a4fe5"

[[package]]
name = "windows-sys"
version = "0.61.2"
source = "registry+https://github.com/rust-lang/crates.io-index"
checksum = "ae137229bcbd6cdf0f7b80a31df61766145077ddf49416a728b02cb3921ff3fc"
dependencies = [
 "windows-link",
]

[[package]]
name = "yansi"
version = "1.0.1"
source = "registry+https://github.com/rust-lang/crates.io-index"
checksum = "cfe53a6657fd280eaa890a3bc59152892ffa3e30101319d168b781ed6529b049"

[[package]]
name = "zatsu"
version = "0.1.1"
dependencies = [
 "clap",
 "ignore",
 "pretty_assertions",
 "streaming-iterator",
 "tree-sitter",
 "tree-sitter-c",
 "tree-sitter-c-sharp",
 "tree-sitter-cpp",
 "tree-sitter-go",
 "tree-sitter-haskell",
 "tree-sitter-java",
 "tree-sitter-javascript",
 "tree-sitter-kotlin-ng",
 "tree-sitter-md",
 "tree-sitter-python",
 "tree-sitter-ruby",
 "tree-sitter-rust",
 "tree-sitter-swift",
 "tree-sitter-typescript",
]

[[package]]
name = "zmij"
version = "1.0.21"
source = "registry+https://github.com/rust-lang/crates.io-index"
checksum = "b8848ee67ecc8aedbaf3e4122217aff892639231befc6a1b58d29fff4c2cabaa"
